// !$*UTF8*$!
{
	archiveVersion = 1;
	classes = {
	};
	objectVersion = 46;
	objects = {

/* Begin PBXBuildFile section */
		71460DCA228940EB00AA5B13 /* PersistentDouble.swift in Sources */ = {isa = PBXBuildFile; fileRef = 71DC089C1F2F140E00A1387B /* PersistentDouble.swift */; };
		71460DCB2289410A00AA5B13 /* PersistentFloat.swift in Sources */ = {isa = PBXBuildFile; fileRef = 71F12AAE1F2F1EBD005FB396 /* PersistentFloat.swift */; };
		71460DCC2289411300AA5B13 /* PersistentInt.swift in Sources */ = {isa = PBXBuildFile; fileRef = 71DC089E1F2F142F00A1387B /* PersistentInt.swift */; };
		71460DCD2289412000AA5B13 /* PersistentString.swift in Sources */ = {isa = PBXBuildFile; fileRef = 71DC08A01F2F159500A1387B /* PersistentString.swift */; };
		71460DCE2289412700AA5B13 /* PersistentURL.swift in Sources */ = {isa = PBXBuildFile; fileRef = 71F12AB01F2F1F06005FB396 /* PersistentURL.swift */; };
		71460DCF2289412D00AA5B13 /* PersistentDate.swift in Sources */ = {isa = PBXBuildFile; fileRef = 716BF70A1F5B161B00130268 /* PersistentDate.swift */; };
		71460DD0228942C600AA5B13 /* PersistentSet.swift in Sources */ = {isa = PBXBuildFile; fileRef = 71DC08A21F2F15F200A1387B /* PersistentSet.swift */; };
		71460DD12289447700AA5B13 /* PersistentCodable.swift in Sources */ = {isa = PBXBuildFile; fileRef = E4AF05E42126B4E30050A6E9 /* PersistentCodable.swift */; };
		714A15DC22893EDA0002CD0D /* PersistentValueStore.swift in Sources */ = {isa = PBXBuildFile; fileRef = 714A15DB22893EDA0002CD0D /* PersistentValueStore.swift */; };
		714A15DF22893EFB0002CD0D /* BoxedPersistentValue.swift in Sources */ = {isa = PBXBuildFile; fileRef = 714A15DE22893EFB0002CD0D /* BoxedPersistentValue.swift */; };
		714A15E122893F770002CD0D /* PersistentValueType.swift in Sources */ = {isa = PBXBuildFile; fileRef = 714A15E022893F770002CD0D /* PersistentValueType.swift */; };
		7154C9942285B0AB0071A2A0 /* PersistentUserDefaultsValue.swift in Sources */ = {isa = PBXBuildFile; fileRef = 7154C9932285B0AB0071A2A0 /* PersistentUserDefaultsValue.swift */; };
		7154C9962285B0AD0071A2A0 /* PersistentSecureValue.swift in Sources */ = {isa = PBXBuildFile; fileRef = 7154C9952285B0AD0071A2A0 /* PersistentSecureValue.swift */; };
		7154C9972285BC490071A2A0 /* PersistentSecure.swift in Sources */ = {isa = PBXBuildFile; fileRef = 7154C9912285AFD00071A2A0 /* PersistentSecure.swift */; };
		71DC089B1F2F133600A1387B /* PersistentBool.swift in Sources */ = {isa = PBXBuildFile; fileRef = 71DC089A1F2F133600A1387B /* PersistentBool.swift */; };
		E4AF05E72126BBC90050A6E9 /* ETPersistentCodableTests.swift in Sources */ = {isa = PBXBuildFile; fileRef = E4AF05E62126BBC90050A6E9 /* ETPersistentCodableTests.swift */; };
		E4AF05EB2126C4C90050A6E9 /* ETPersistentValueTests.swift in Sources */ = {isa = PBXBuildFile; fileRef = E4AF05EA2126C4C90050A6E9 /* ETPersistentValueTests.swift */; };
		E4AF05F02126F7E70050A6E9 /* TestsHelper.swift in Sources */ = {isa = PBXBuildFile; fileRef = E4AF05EF2126F7E70050A6E9 /* TestsHelper.swift */; };
		E4AF05F22126F8B10050A6E9 /* ETPersistentSetTests.swift in Sources */ = {isa = PBXBuildFile; fileRef = E4AF05F12126F8B10050A6E9 /* ETPersistentSetTests.swift */; };
		E4AF05F42126FBA40050A6E9 /* Hedgehog.swift in Sources */ = {isa = PBXBuildFile; fileRef = E4AF05F32126FBA40050A6E9 /* Hedgehog.swift */; };
		E4EC91472125C4F600BFFBCB /* ETPersistentValue.framework in Frameworks */ = {isa = PBXBuildFile; fileRef = 71DC08891F2F128400A1387B /* ETPersistentValue.framework */; };
/* End PBXBuildFile section */

/* Begin PBXContainerItemProxy section */
		E4EC91482125C4F600BFFBCB /* PBXContainerItemProxy */ = {
			isa = PBXContainerItemProxy;
			containerPortal = 71DC087D1F2F123500A1387B /* Project object */;
			proxyType = 1;
			remoteGlobalIDString = 71DC08881F2F128400A1387B;
			remoteInfo = "ETPersistentValue iOS";
		};
/* End PBXContainerItemProxy section */

/* Begin PBXFileReference section */
		714A15DB22893EDA0002CD0D /* PersistentValueStore.swift */ = {isa = PBXFileReference; lastKnownFileType = sourcecode.swift; path = PersistentValueStore.swift; sourceTree = "<group>"; };
		714A15DE22893EFB0002CD0D /* BoxedPersistentValue.swift */ = {isa = PBXFileReference; lastKnownFileType = sourcecode.swift; path = BoxedPersistentValue.swift; sourceTree = "<group>"; };
		714A15E022893F770002CD0D /* PersistentValueType.swift */ = {isa = PBXFileReference; lastKnownFileType = sourcecode.swift; path = PersistentValueType.swift; sourceTree = "<group>"; };
		7154C9912285AFD00071A2A0 /* PersistentSecure.swift */ = {isa = PBXFileReference; lastKnownFileType = sourcecode.swift; path = PersistentSecure.swift; sourceTree = "<group>"; };
		7154C9932285B0AB0071A2A0 /* PersistentUserDefaultsValue.swift */ = {isa = PBXFileReference; lastKnownFileType = sourcecode.swift; path = PersistentUserDefaultsValue.swift; sourceTree = "<group>"; };
		7154C9952285B0AD0071A2A0 /* PersistentSecureValue.swift */ = {isa = PBXFileReference; lastKnownFileType = sourcecode.swift; path = PersistentSecureValue.swift; sourceTree = "<group>"; };
		716BF70A1F5B161B00130268 /* PersistentDate.swift */ = {isa = PBXFileReference; lastKnownFileType = sourcecode.swift; path = PersistentDate.swift; sourceTree = "<group>"; };
		71DC08891F2F128400A1387B /* ETPersistentValue.framework */ = {isa = PBXFileReference; explicitFileType = wrapper.framework; includeInIndex = 0; path = ETPersistentValue.framework; sourceTree = BUILT_PRODUCTS_DIR; };
		71DC08931F2F12C900A1387B /* ETPersistentValue iOS.h */ = {isa = PBXFileReference; fileEncoding = 4; lastKnownFileType = sourcecode.c.h; path = "ETPersistentValue iOS.h"; sourceTree = "<group>"; };
		71DC08941F2F12C900A1387B /* Info.plist */ = {isa = PBXFileReference; fileEncoding = 4; lastKnownFileType = text.plist.xml; path = Info.plist; sourceTree = "<group>"; };
		71DC089A1F2F133600A1387B /* PersistentBool.swift */ = {isa = PBXFileReference; fileEncoding = 4; lastKnownFileType = sourcecode.swift; path = PersistentBool.swift; sourceTree = "<group>"; };
		71DC089C1F2F140E00A1387B /* PersistentDouble.swift */ = {isa = PBXFileReference; fileEncoding = 4; lastKnownFileType = sourcecode.swift; path = PersistentDouble.swift; sourceTree = "<group>"; };
		71DC089E1F2F142F00A1387B /* PersistentInt.swift */ = {isa = PBXFileReference; fileEncoding = 4; lastKnownFileType = sourcecode.swift; path = PersistentInt.swift; sourceTree = "<group>"; };
		71DC08A01F2F159500A1387B /* PersistentString.swift */ = {isa = PBXFileReference; fileEncoding = 4; lastKnownFileType = sourcecode.swift; path = PersistentString.swift; sourceTree = "<group>"; };
		71DC08A21F2F15F200A1387B /* PersistentSet.swift */ = {isa = PBXFileReference; fileEncoding = 4; lastKnownFileType = sourcecode.swift; path = PersistentSet.swift; sourceTree = "<group>"; };
		71F12AAE1F2F1EBD005FB396 /* PersistentFloat.swift */ = {isa = PBXFileReference; fileEncoding = 4; lastKnownFileType = sourcecode.swift; path = PersistentFloat.swift; sourceTree = "<group>"; };
		71F12AB01F2F1F06005FB396 /* PersistentURL.swift */ = {isa = PBXFileReference; fileEncoding = 4; lastKnownFileType = sourcecode.swift; path = PersistentURL.swift; sourceTree = "<group>"; };
		E4AF05E42126B4E30050A6E9 /* PersistentCodable.swift */ = {isa = PBXFileReference; lastKnownFileType = sourcecode.swift; path = PersistentCodable.swift; sourceTree = "<group>"; };
		E4AF05E62126BBC90050A6E9 /* ETPersistentCodableTests.swift */ = {isa = PBXFileReference; lastKnownFileType = sourcecode.swift; path = ETPersistentCodableTests.swift; sourceTree = "<group>"; };
		E4AF05EA2126C4C90050A6E9 /* ETPersistentValueTests.swift */ = {isa = PBXFileReference; lastKnownFileType = sourcecode.swift; path = ETPersistentValueTests.swift; sourceTree = "<group>"; };
		E4AF05EF2126F7E70050A6E9 /* TestsHelper.swift */ = {isa = PBXFileReference; lastKnownFileType = sourcecode.swift; path = TestsHelper.swift; sourceTree = "<group>"; };
		E4AF05F12126F8B10050A6E9 /* ETPersistentSetTests.swift */ = {isa = PBXFileReference; lastKnownFileType = sourcecode.swift; path = ETPersistentSetTests.swift; sourceTree = "<group>"; };
		E4AF05F32126FBA40050A6E9 /* Hedgehog.swift */ = {isa = PBXFileReference; lastKnownFileType = sourcecode.swift; path = Hedgehog.swift; sourceTree = "<group>"; };
		E4EC91422125C4F600BFFBCB /* ETPersistentValueTests.xctest */ = {isa = PBXFileReference; explicitFileType = wrapper.cfbundle; includeInIndex = 0; path = ETPersistentValueTests.xctest; sourceTree = BUILT_PRODUCTS_DIR; };
		E4EC91462125C4F600BFFBCB /* Info.plist */ = {isa = PBXFileReference; lastKnownFileType = text.plist.xml; path = Info.plist; sourceTree = "<group>"; };
/* End PBXFileReference section */

/* Begin PBXFrameworksBuildPhase section */
		71DC08851F2F128400A1387B /* Frameworks */ = {
			isa = PBXFrameworksBuildPhase;
			buildActionMask = 2147483647;
			files = (
			);
			runOnlyForDeploymentPostprocessing = 0;
		};
		E4EC913F2125C4F600BFFBCB /* Frameworks */ = {
			isa = PBXFrameworksBuildPhase;
			buildActionMask = 2147483647;
			files = (
				E4EC91472125C4F600BFFBCB /* ETPersistentValue.framework in Frameworks */,
			);
			runOnlyForDeploymentPostprocessing = 0;
		};
/* End PBXFrameworksBuildPhase section */

/* Begin PBXGroup section */
		714A15DD22893EE80002CD0D /* Stores */ = {
			isa = PBXGroup;
			children = (
				714A15DB22893EDA0002CD0D /* PersistentValueStore.swift */,
				7154C9932285B0AB0071A2A0 /* PersistentUserDefaultsValue.swift */,
			);
			path = Stores;
			sourceTree = "<group>";
		};
		71DC087C1F2F123500A1387B = {
			isa = PBXGroup;
			children = (
				E4EC91432125C4F600BFFBCB /* ETPersistentValueTests */,
				71DC088A1F2F128400A1387B /* Products */,
				71DC08831F2F126B00A1387B /* Sources */,
				71DC08921F2F12C900A1387B /* Supporting Files */,
			);
			sourceTree = "<group>";
		};
		71DC08831F2F126B00A1387B /* Sources */ = {
			isa = PBXGroup;
			children = (
				714A15E022893F770002CD0D /* PersistentValueType.swift */,
				714A15DE22893EFB0002CD0D /* BoxedPersistentValue.swift */,
				714A15DD22893EE80002CD0D /* Stores */,
				7154C9952285B0AD0071A2A0 /* PersistentSecureValue.swift */,
				7154C9912285AFD00071A2A0 /* PersistentSecure.swift */,
				71DC08991F2F132D00A1387B /* GeneralTypes */,
			);
			path = Sources;
			sourceTree = "<group>";
		};
		71DC088A1F2F128400A1387B /* Products */ = {
			isa = PBXGroup;
			children = (
				71DC08891F2F128400A1387B /* ETPersistentValue.framework */,
				E4EC91422125C4F600BFFBCB /* ETPersistentValueTests.xctest */,
			);
			name = Products;
			sourceTree = "<group>";
		};
		71DC08921F2F12C900A1387B /* Supporting Files */ = {
			isa = PBXGroup;
			children = (
				71DC08931F2F12C900A1387B /* ETPersistentValue iOS.h */,
				71DC08941F2F12C900A1387B /* Info.plist */,
			);
			path = "Supporting Files";
			sourceTree = "<group>";
		};
		71DC08991F2F132D00A1387B /* GeneralTypes */ = {
			isa = PBXGroup;
			children = (
				71DC089A1F2F133600A1387B /* PersistentBool.swift */,
				E4AF05E42126B4E30050A6E9 /* PersistentCodable.swift */,
				71DC089C1F2F140E00A1387B /* PersistentDouble.swift */,
				71F12AAE1F2F1EBD005FB396 /* PersistentFloat.swift */,
				71DC089E1F2F142F00A1387B /* PersistentInt.swift */,
				71DC08A21F2F15F200A1387B /* PersistentSet.swift */,
				71DC08A01F2F159500A1387B /* PersistentString.swift */,
				71F12AB01F2F1F06005FB396 /* PersistentURL.swift */,
				716BF70A1F5B161B00130268 /* PersistentDate.swift */,
			);
			path = GeneralTypes;
			sourceTree = "<group>";
		};
		E4EC91432125C4F600BFFBCB /* ETPersistentValueTests */ = {
			isa = PBXGroup;
			children = (
				E4AF05E62126BBC90050A6E9 /* ETPersistentCodableTests.swift */,
				E4AF05F12126F8B10050A6E9 /* ETPersistentSetTests.swift */,
				E4AF05EA2126C4C90050A6E9 /* ETPersistentValueTests.swift */,
				E4AF05F32126FBA40050A6E9 /* Hedgehog.swift */,
				E4AF05EF2126F7E70050A6E9 /* TestsHelper.swift */,
				E4EC91462125C4F600BFFBCB /* Info.plist */,
			);
			path = ETPersistentValueTests;
			sourceTree = "<group>";
		};
/* End PBXGroup section */

/* Begin PBXHeadersBuildPhase section */
		71DC08861F2F128400A1387B /* Headers */ = {
			isa = PBXHeadersBuildPhase;
			buildActionMask = 2147483647;
			files = (
			);
			runOnlyForDeploymentPostprocessing = 0;
		};
/* End PBXHeadersBuildPhase section */

/* Begin PBXNativeTarget section */
		71DC08881F2F128400A1387B /* ETPersistentValue iOS */ = {
			isa = PBXNativeTarget;
			buildConfigurationList = 71DC088F1F2F128400A1387B /* Build configuration list for PBXNativeTarget "ETPersistentValue iOS" */;
			buildPhases = (
				71DC08841F2F128400A1387B /* Sources */,
				71DC08851F2F128400A1387B /* Frameworks */,
				71DC08861F2F128400A1387B /* Headers */,
				71DC08871F2F128400A1387B /* Resources */,
			);
			buildRules = (
			);
			dependencies = (
			);
			name = "ETPersistentValue iOS";
			productName = "ETPersistentValue iOS";
			productReference = 71DC08891F2F128400A1387B /* ETPersistentValue.framework */;
			productType = "com.apple.product-type.framework";
		};
		E4EC91412125C4F600BFFBCB /* ETPersistentValueTests */ = {
			isa = PBXNativeTarget;
			buildConfigurationList = E4EC914C2125C4F600BFFBCB /* Build configuration list for PBXNativeTarget "ETPersistentValueTests" */;
			buildPhases = (
				E4EC913E2125C4F600BFFBCB /* Sources */,
				E4EC913F2125C4F600BFFBCB /* Frameworks */,
				E4EC91402125C4F600BFFBCB /* Resources */,
			);
			buildRules = (
			);
			dependencies = (
				E4EC91492125C4F600BFFBCB /* PBXTargetDependency */,
			);
			name = ETPersistentValueTests;
			productName = ETPersistentValueTests;
			productReference = E4EC91422125C4F600BFFBCB /* ETPersistentValueTests.xctest */;
			productType = "com.apple.product-type.bundle.unit-test";
		};
/* End PBXNativeTarget section */

/* Begin PBXProject section */
		71DC087D1F2F123500A1387B /* Project object */ = {
			isa = PBXProject;
			attributes = {
				LastSwiftUpdateCheck = 0940;
				LastUpgradeCheck = 1020;
				TargetAttributes = {
					71DC08881F2F128400A1387B = {
						CreatedOnToolsVersion = 7.3.1;
						LastSwiftMigration = 1020;
					};
					E4EC91412125C4F600BFFBCB = {
						CreatedOnToolsVersion = 9.4.1;
						DevelopmentTeam = 3J87T85KX8;
						LastSwiftMigration = 1020;
						ProvisioningStyle = Automatic;
					};
				};
			};
			buildConfigurationList = 71DC08801F2F123500A1387B /* Build configuration list for PBXProject "ETPersistentValue" */;
			compatibilityVersion = "Xcode 3.2";
			developmentRegion = en;
			hasScannedForEncodings = 0;
			knownRegions = (
				en,
				Base,
			);
			mainGroup = 71DC087C1F2F123500A1387B;
			productRefGroup = 71DC088A1F2F128400A1387B /* Products */;
			projectDirPath = "";
			projectRoot = "";
			targets = (
				71DC08881F2F128400A1387B /* ETPersistentValue iOS */,
				E4EC91412125C4F600BFFBCB /* ETPersistentValueTests */,
			);
		};
/* End PBXProject section */

/* Begin PBXResourcesBuildPhase section */
		71DC08871F2F128400A1387B /* Resources */ = {
			isa = PBXResourcesBuildPhase;
			buildActionMask = 2147483647;
			files = (
			);
			runOnlyForDeploymentPostprocessing = 0;
		};
		E4EC91402125C4F600BFFBCB /* Resources */ = {
			isa = PBXResourcesBuildPhase;
			buildActionMask = 2147483647;
			files = (
			);
			runOnlyForDeploymentPostprocessing = 0;
		};
/* End PBXResourcesBuildPhase section */

/* Begin PBXSourcesBuildPhase section */
		71DC08841F2F128400A1387B /* Sources */ = {
			isa = PBXSourcesBuildPhase;
			buildActionMask = 2147483647;
			files = (
				714A15DC22893EDA0002CD0D /* PersistentValueStore.swift in Sources */,
				71460DCD2289412000AA5B13 /* PersistentString.swift in Sources */,
				71460DCF2289412D00AA5B13 /* PersistentDate.swift in Sources */,
				71DC089B1F2F133600A1387B /* PersistentBool.swift in Sources */,
				71460DCC2289411300AA5B13 /* PersistentInt.swift in Sources */,
				7154C9942285B0AB0071A2A0 /* PersistentUserDefaultsValue.swift in Sources */,
				7154C9962285B0AD0071A2A0 /* PersistentSecureValue.swift in Sources */,
				71460DD12289447700AA5B13 /* PersistentCodable.swift in Sources */,
				71460DD0228942C600AA5B13 /* PersistentSet.swift in Sources */,
				714A15DF22893EFB0002CD0D /* BoxedPersistentValue.swift in Sources */,
				71460DCA228940EB00AA5B13 /* PersistentDouble.swift in Sources */,
				71460DCB2289410A00AA5B13 /* PersistentFloat.swift in Sources */,
				714A15E122893F770002CD0D /* PersistentValueType.swift in Sources */,
				71460DCE2289412700AA5B13 /* PersistentURL.swift in Sources */,
				7154C9972285BC490071A2A0 /* PersistentSecure.swift in Sources */,
			);
			runOnlyForDeploymentPostprocessing = 0;
		};
		E4EC913E2125C4F600BFFBCB /* Sources */ = {
			isa = PBXSourcesBuildPhase;
			buildActionMask = 2147483647;
			files = (
				E4AF05E72126BBC90050A6E9 /* ETPersistentCodableTests.swift in Sources */,
				E4AF05F02126F7E70050A6E9 /* TestsHelper.swift in Sources */,
				E4AF05F42126FBA40050A6E9 /* Hedgehog.swift in Sources */,
				E4AF05F22126F8B10050A6E9 /* ETPersistentSetTests.swift in Sources */,
				E4AF05EB2126C4C90050A6E9 /* ETPersistentValueTests.swift in Sources */,
			);
			runOnlyForDeploymentPostprocessing = 0;
		};
/* End PBXSourcesBuildPhase section */

/* Begin PBXTargetDependency section */
		E4EC91492125C4F600BFFBCB /* PBXTargetDependency */ = {
			isa = PBXTargetDependency;
			target = 71DC08881F2F128400A1387B /* ETPersistentValue iOS */;
			targetProxy = E4EC91482125C4F600BFFBCB /* PBXContainerItemProxy */;
		};
/* End PBXTargetDependency section */

/* Begin XCBuildConfiguration section */
		71DC08811F2F123500A1387B /* Debug */ = {
			isa = XCBuildConfiguration;
			buildSettings = {
				CLANG_ANALYZER_LOCALIZABILITY_NONLOCALIZED = YES;
				CLANG_WARN_BLOCK_CAPTURE_AUTORELEASING = YES;
				CLANG_WARN_BOOL_CONVERSION = YES;
				CLANG_WARN_COMMA = YES;
				CLANG_WARN_CONSTANT_CONVERSION = YES;
				CLANG_WARN_DEPRECATED_OBJC_IMPLEMENTATIONS = YES;
				CLANG_WARN_EMPTY_BODY = YES;
				CLANG_WARN_ENUM_CONVERSION = YES;
				CLANG_WARN_INFINITE_RECURSION = YES;
				CLANG_WARN_INT_CONVERSION = YES;
				CLANG_WARN_NON_LITERAL_NULL_CONVERSION = YES;
				CLANG_WARN_OBJC_IMPLICIT_RETAIN_SELF = YES;
				CLANG_WARN_OBJC_LITERAL_CONVERSION = YES;
				CLANG_WARN_RANGE_LOOP_ANALYSIS = YES;
				CLANG_WARN_STRICT_PROTOTYPES = YES;
				CLANG_WARN_SUSPICIOUS_MOVE = YES;
				CLANG_WARN_UNREACHABLE_CODE = YES;
				CLANG_WARN__DUPLICATE_METHOD_MATCH = YES;
				ENABLE_STRICT_OBJC_MSGSEND = YES;
				ENABLE_TESTABILITY = YES;
				GCC_NO_COMMON_BLOCKS = YES;
				GCC_WARN_64_TO_32_BIT_CONVERSION = YES;
				GCC_WARN_ABOUT_RETURN_TYPE = YES;
				GCC_WARN_UNDECLARED_SELECTOR = YES;
				GCC_WARN_UNINITIALIZED_AUTOS = YES;
				GCC_WARN_UNUSED_FUNCTION = YES;
				GCC_WARN_UNUSED_VARIABLE = YES;
				ONLY_ACTIVE_ARCH = YES;
			};
			name = Debug;
		};
		71DC08821F2F123500A1387B /* Release */ = {
			isa = XCBuildConfiguration;
			buildSettings = {
				CLANG_ANALYZER_LOCALIZABILITY_NONLOCALIZED = YES;
				CLANG_WARN_BLOCK_CAPTURE_AUTORELEASING = YES;
				CLANG_WARN_BOOL_CONVERSION = YES;
				CLANG_WARN_COMMA = YES;
				CLANG_WARN_CONSTANT_CONVERSION = YES;
				CLANG_WARN_DEPRECATED_OBJC_IMPLEMENTATIONS = YES;
				CLANG_WARN_EMPTY_BODY = YES;
				CLANG_WARN_ENUM_CONVERSION = YES;
				CLANG_WARN_INFINITE_RECURSION = YES;
				CLANG_WARN_INT_CONVERSION = YES;
				CLANG_WARN_NON_LITERAL_NULL_CONVERSION = YES;
				CLANG_WARN_OBJC_IMPLICIT_RETAIN_SELF = YES;
				CLANG_WARN_OBJC_LITERAL_CONVERSION = YES;
				CLANG_WARN_RANGE_LOOP_ANALYSIS = YES;
				CLANG_WARN_STRICT_PROTOTYPES = YES;
				CLANG_WARN_SUSPICIOUS_MOVE = YES;
				CLANG_WARN_UNREACHABLE_CODE = YES;
				CLANG_WARN__DUPLICATE_METHOD_MATCH = YES;
				ENABLE_STRICT_OBJC_MSGSEND = YES;
				GCC_NO_COMMON_BLOCKS = YES;
				GCC_WARN_64_TO_32_BIT_CONVERSION = YES;
				GCC_WARN_ABOUT_RETURN_TYPE = YES;
				GCC_WARN_UNDECLARED_SELECTOR = YES;
				GCC_WARN_UNINITIALIZED_AUTOS = YES;
				GCC_WARN_UNUSED_FUNCTION = YES;
				GCC_WARN_UNUSED_VARIABLE = YES;
				SWIFT_OPTIMIZATION_LEVEL = "-Owholemodule";
			};
			name = Release;
		};
		71DC08901F2F128400A1387B /* Debug */ = {
			isa = XCBuildConfiguration;
			buildSettings = {
				ALWAYS_SEARCH_USER_PATHS = NO;
				CLANG_ANALYZER_NONNULL = YES;
				CLANG_CXX_LANGUAGE_STANDARD = "gnu++0x";
				CLANG_CXX_LIBRARY = "libc++";
				CLANG_ENABLE_MODULES = YES;
				CLANG_ENABLE_OBJC_ARC = YES;
				CLANG_WARN_BOOL_CONVERSION = YES;
				CLANG_WARN_CONSTANT_CONVERSION = YES;
				CLANG_WARN_DIRECT_OBJC_ISA_USAGE = YES_ERROR;
				CLANG_WARN_EMPTY_BODY = YES;
				CLANG_WARN_ENUM_CONVERSION = YES;
				CLANG_WARN_INT_CONVERSION = YES;
				CLANG_WARN_OBJC_ROOT_CLASS = YES_ERROR;
				CLANG_WARN_UNREACHABLE_CODE = YES;
				CLANG_WARN__DUPLICATE_METHOD_MATCH = YES;
				"CODE_SIGN_IDENTITY[sdk=iphoneos*]" = "";
				COPY_PHASE_STRIP = NO;
				CURRENT_PROJECT_VERSION = 1;
				DEBUG_INFORMATION_FORMAT = dwarf;
				DEFINES_MODULE = YES;
				DYLIB_COMPATIBILITY_VERSION = 1;
				DYLIB_CURRENT_VERSION = 1;
				DYLIB_INSTALL_NAME_BASE = "@rpath";
				ENABLE_STRICT_OBJC_MSGSEND = YES;
				ENABLE_TESTABILITY = YES;
				GCC_C_LANGUAGE_STANDARD = gnu99;
				GCC_DYNAMIC_NO_PIC = NO;
				GCC_NO_COMMON_BLOCKS = YES;
				GCC_OPTIMIZATION_LEVEL = 0;
				GCC_PREPROCESSOR_DEFINITIONS = (
					"DEBUG=1",
					"$(inherited)",
				);
				GCC_WARN_64_TO_32_BIT_CONVERSION = YES;
				GCC_WARN_ABOUT_RETURN_TYPE = YES_ERROR;
				GCC_WARN_UNDECLARED_SELECTOR = YES;
				GCC_WARN_UNINITIALIZED_AUTOS = YES_AGGRESSIVE;
				GCC_WARN_UNUSED_FUNCTION = YES;
				GCC_WARN_UNUSED_VARIABLE = YES;
				INFOPLIST_FILE = "$(SRCROOT)/Supporting Files/Info.plist";
				INSTALL_PATH = "$(LOCAL_LIBRARY_DIR)/Frameworks";
				IPHONEOS_DEPLOYMENT_TARGET = 8.0;
				LD_RUNPATH_SEARCH_PATHS = "$(inherited) @executable_path/Frameworks @loader_path/Frameworks";
				MTL_ENABLE_DEBUG_INFO = YES;
				ONLY_ACTIVE_ARCH = YES;
				PRODUCT_BUNDLE_IDENTIFIER = "cz.etnetera.ETPersistentValue-iOS";
				PRODUCT_NAME = ETPersistentValue;
				SDKROOT = iphoneos;
				SKIP_INSTALL = YES;
				SWIFT_OPTIMIZATION_LEVEL = "-Onone";
				SWIFT_VERSION = 5.0;
				TARGETED_DEVICE_FAMILY = "1,2";
				VERSIONING_SYSTEM = "apple-generic";
				VERSION_INFO_PREFIX = "";
			};
			name = Debug;
		};
		71DC08911F2F128400A1387B /* Release */ = {
			isa = XCBuildConfiguration;
			buildSettings = {
				ALWAYS_SEARCH_USER_PATHS = NO;
				CLANG_ANALYZER_NONNULL = YES;
				CLANG_CXX_LANGUAGE_STANDARD = "gnu++0x";
				CLANG_CXX_LIBRARY = "libc++";
				CLANG_ENABLE_MODULES = YES;
				CLANG_ENABLE_OBJC_ARC = YES;
				CLANG_WARN_BOOL_CONVERSION = YES;
				CLANG_WARN_CONSTANT_CONVERSION = YES;
				CLANG_WARN_DIRECT_OBJC_ISA_USAGE = YES_ERROR;
				CLANG_WARN_EMPTY_BODY = YES;
				CLANG_WARN_ENUM_CONVERSION = YES;
				CLANG_WARN_INT_CONVERSION = YES;
				CLANG_WARN_OBJC_ROOT_CLASS = YES_ERROR;
				CLANG_WARN_UNREACHABLE_CODE = YES;
				CLANG_WARN__DUPLICATE_METHOD_MATCH = YES;
				"CODE_SIGN_IDENTITY[sdk=iphoneos*]" = "";
				COPY_PHASE_STRIP = NO;
				CURRENT_PROJECT_VERSION = 1;
				DEBUG_INFORMATION_FORMAT = "dwarf-with-dsym";
				DEFINES_MODULE = YES;
				DYLIB_COMPATIBILITY_VERSION = 1;
				DYLIB_CURRENT_VERSION = 1;
				DYLIB_INSTALL_NAME_BASE = "@rpath";
				ENABLE_NS_ASSERTIONS = NO;
				ENABLE_STRICT_OBJC_MSGSEND = YES;
				GCC_C_LANGUAGE_STANDARD = gnu99;
				GCC_NO_COMMON_BLOCKS = YES;
				GCC_WARN_64_TO_32_BIT_CONVERSION = YES;
				GCC_WARN_ABOUT_RETURN_TYPE = YES_ERROR;
				GCC_WARN_UNDECLARED_SELECTOR = YES;
				GCC_WARN_UNINITIALIZED_AUTOS = YES_AGGRESSIVE;
				GCC_WARN_UNUSED_FUNCTION = YES;
				GCC_WARN_UNUSED_VARIABLE = YES;
				INFOPLIST_FILE = "$(SRCROOT)/Supporting Files/Info.plist";
				INSTALL_PATH = "$(LOCAL_LIBRARY_DIR)/Frameworks";
				IPHONEOS_DEPLOYMENT_TARGET = 8.0;
				LD_RUNPATH_SEARCH_PATHS = "$(inherited) @executable_path/Frameworks @loader_path/Frameworks";
				MTL_ENABLE_DEBUG_INFO = NO;
				PRODUCT_BUNDLE_IDENTIFIER = "cz.etnetera.ETPersistentValue-iOS";
				PRODUCT_NAME = ETPersistentValue;
				SDKROOT = iphoneos;
				SKIP_INSTALL = YES;
				SWIFT_VERSION = 5.0;
				TARGETED_DEVICE_FAMILY = "1,2";
				VALIDATE_PRODUCT = YES;
				VERSIONING_SYSTEM = "apple-generic";
				VERSION_INFO_PREFIX = "";
			};
			name = Release;
		};
		E4EC914A2125C4F600BFFBCB /* Debug */ = {
			isa = XCBuildConfiguration;
			buildSettings = {
				ALWAYS_SEARCH_USER_PATHS = NO;
				CLANG_ANALYZER_NONNULL = YES;
				CLANG_ANALYZER_NUMBER_OBJECT_CONVERSION = YES_AGGRESSIVE;
				CLANG_CXX_LANGUAGE_STANDARD = "gnu++14";
				CLANG_CXX_LIBRARY = "libc++";
				CLANG_ENABLE_MODULES = YES;
				CLANG_ENABLE_OBJC_ARC = YES;
				CLANG_ENABLE_OBJC_WEAK = YES;
				CLANG_WARN_BLOCK_CAPTURE_AUTORELEASING = YES;
				CLANG_WARN_COMMA = YES;
				CLANG_WARN_DEPRECATED_OBJC_IMPLEMENTATIONS = YES;
				CLANG_WARN_DIRECT_OBJC_ISA_USAGE = YES_ERROR;
				CLANG_WARN_DOCUMENTATION_COMMENTS = YES;
				CLANG_WARN_NON_LITERAL_NULL_CONVERSION = YES;
				CLANG_WARN_OBJC_IMPLICIT_RETAIN_SELF = YES;
				CLANG_WARN_OBJC_LITERAL_CONVERSION = YES;
				CLANG_WARN_OBJC_ROOT_CLASS = YES_ERROR;
				CLANG_WARN_RANGE_LOOP_ANALYSIS = YES;
				CLANG_WARN_STRICT_PROTOTYPES = YES;
				CLANG_WARN_UNGUARDED_AVAILABILITY = YES_AGGRESSIVE;
				CODE_SIGN_IDENTITY = "iPhone Developer";
				CODE_SIGN_STYLE = Automatic;
				COPY_PHASE_STRIP = NO;
				DEBUG_INFORMATION_FORMAT = dwarf;
				DEVELOPMENT_TEAM = 3J87T85KX8;
				GCC_C_LANGUAGE_STANDARD = gnu11;
				GCC_DYNAMIC_NO_PIC = NO;
				GCC_OPTIMIZATION_LEVEL = 0;
				GCC_PREPROCESSOR_DEFINITIONS = (
					"DEBUG=1",
					"$(inherited)",
				);
				GCC_WARN_ABOUT_RETURN_TYPE = YES_ERROR;
				GCC_WARN_UNINITIALIZED_AUTOS = YES_AGGRESSIVE;
				INFOPLIST_FILE = ETPersistentValueTests/Info.plist;
				IPHONEOS_DEPLOYMENT_TARGET = 11.4;
				LD_RUNPATH_SEARCH_PATHS = "$(inherited) @executable_path/Frameworks @loader_path/Frameworks";
				MTL_ENABLE_DEBUG_INFO = YES;
				PRODUCT_BUNDLE_IDENTIFIER = com.jankodes.ETPersistentValueTests;
				PRODUCT_NAME = "$(TARGET_NAME)";
				SDKROOT = iphoneos;
				SWIFT_ACTIVE_COMPILATION_CONDITIONS = DEBUG;
				SWIFT_OPTIMIZATION_LEVEL = "-Onone";
				SWIFT_VERSION = 5.0;
				TARGETED_DEVICE_FAMILY = "1,2";
			};
			name = Debug;
		};
		E4EC914B2125C4F600BFFBCB /* Release */ = {
			isa = XCBuildConfiguration;
			buildSettings = {
				ALWAYS_SEARCH_USER_PATHS = NO;
				CLANG_ANALYZER_NONNULL = YES;
				CLANG_ANALYZER_NUMBER_OBJECT_CONVERSION = YES_AGGRESSIVE;
				CLANG_CXX_LANGUAGE_STANDARD = "gnu++14";
				CLANG_CXX_LIBRARY = "libc++";
				CLANG_ENABLE_MODULES = YES;
				CLANG_ENABLE_OBJC_ARC = YES;
				CLANG_ENABLE_OBJC_WEAK = YES;
				CLANG_WARN_BLOCK_CAPTURE_AUTORELEASING = YES;
				CLANG_WARN_COMMA = YES;
				CLANG_WARN_DEPRECATED_OBJC_IMPLEMENTATIONS = YES;
				CLANG_WARN_DIRECT_OBJC_ISA_USAGE = YES_ERROR;
				CLANG_WARN_DOCUMENTATION_COMMENTS = YES;
				CLANG_WARN_NON_LITERAL_NULL_CONVERSION = YES;
				CLANG_WARN_OBJC_IMPLICIT_RETAIN_SELF = YES;
				CLANG_WARN_OBJC_LITERAL_CONVERSION = YES;
				CLANG_WARN_OBJC_ROOT_CLASS = YES_ERROR;
				CLANG_WARN_RANGE_LOOP_ANALYSIS = YES;
				CLANG_WARN_STRICT_PROTOTYPES = YES;
				CLANG_WARN_UNGUARDED_AVAILABILITY = YES_AGGRESSIVE;
				CODE_SIGN_IDENTITY = "iPhone Developer";
				CODE_SIGN_STYLE = Automatic;
				COPY_PHASE_STRIP = NO;
				DEBUG_INFORMATION_FORMAT = "dwarf-with-dsym";
				DEVELOPMENT_TEAM = 3J87T85KX8;
				ENABLE_NS_ASSERTIONS = NO;
				GCC_C_LANGUAGE_STANDARD = gnu11;
				GCC_WARN_ABOUT_RETURN_TYPE = YES_ERROR;
				GCC_WARN_UNINITIALIZED_AUTOS = YES_AGGRESSIVE;
				INFOPLIST_FILE = ETPersistentValueTests/Info.plist;
				IPHONEOS_DEPLOYMENT_TARGET = 11.4;
				LD_RUNPATH_SEARCH_PATHS = "$(inherited) @executable_path/Frameworks @loader_path/Frameworks";
				MTL_ENABLE_DEBUG_INFO = NO;
				PRODUCT_BUNDLE_IDENTIFIER = com.jankodes.ETPersistentValueTests;
				PRODUCT_NAME = "$(TARGET_NAME)";
				SDKROOT = iphoneos;
				SWIFT_VERSION = 5.0;
				TARGETED_DEVICE_FAMILY = "1,2";
				VALIDATE_PRODUCT = YES;
			};
			name = Release;
		};
/* End XCBuildConfiguration section */

/* Begin XCConfigurationList section */
		71DC08801F2F123500A1387B /* Build configuration list for PBXProject "ETPersistentValue" */ = {
			isa = XCConfigurationList;
			buildConfigurations = (
				71DC08811F2F123500A1387B /* Debug */,
				71DC08821F2F123500A1387B /* Release */,
			);
			defaultConfigurationIsVisible = 0;
			defaultConfigurationName = Release;
		};
		71DC088F1F2F128400A1387B /* Build configuration list for PBXNativeTarget "ETPersistentValue iOS" */ = {
			isa = XCConfigurationList;
			buildConfigurations = (
				71DC08901F2F128400A1387B /* Debug */,
				71DC08911F2F128400A1387B /* Release */,
			);
			defaultConfigurationIsVisible = 0;
			defaultConfigurationName = Release;
		};
		E4EC914C2125C4F600BFFBCB /* Build configuration list for PBXNativeTarget "ETPersistentValueTests" */ = {
			isa = XCConfigurationList;
			buildConfigurations = (
				E4EC914A2125C4F600BFFBCB /* Debug */,
				E4EC914B2125C4F600BFFBCB /* Release */,
			);
			defaultConfigurationIsVisible = 0;
			defaultConfigurationName = Release;
		};
/* End XCConfigurationList section */
	};
	rootObject = 71DC087D1F2F123500A1387B /* Project object */;
}
